
Microsoft Visual Studio Solution File, Format Version 12.00
Project("{FAE04EC0-301F-11D3-BF4B-00C04F79EFBC}") = "DarkAPI", "DarkAPI.csproj", "{4163C22A-DB26-4FEF-9E28-97497EA79211}"
EndProject
Global
	GlobalSection(SolutionConfigurationPlatforms) = preSolution
		Debug|Any CPU = Debug|Any CPU
		Release|Any CPU = Release|Any CPU
	EndGlobalSection
	GlobalSection(ProjectConfigurationPlatforms) = postSolution
		{4163C22A-DB26-4FEF-9E28-97497EA79211}.Debug|Any CPU.ActiveCfg = Debug|Any CPU
		{4163C22A-DB26-4FEF-9E28-97497EA79211}.Debug|Any CPU.Build.0 = Debug|Any CPU
		{4163C22A-DB26-4FEF-9E28-97497EA79211}.Release|Any CPU.ActiveCfg = Release|Any CPU
		{4163C22A-DB26-4FEF-9E28-97497EA79211}.Release|Any CPU.Build.0 = Release|Any CPU
	EndGlobalSection
EndGlobal
